
Microsoft Visual Studio Solution File, Format Version 12.00
Project("{2150E333-8FDC-42A3-9474-1A3956D46DE8}") = "src", "src", "{A90B927F-83AD-49E2-84F4-360EEBB06C59}"
EndProject
Project("{2150E333-8FDC-42A3-9474-1A3956D46DE8}") = "Core", "Core", "{60F81810-8044-47C8-BBD6-D5D6FFE97663}"
EndProject
Project("{FAE04EC0-301F-11D3-BF4B-00C04F79EFBC}") = "CleanArchitecture.Domain", "src\CleanArchitecture.Domain\CleanArchitecture.Domain.csproj", "{F0168667-7657-4C54-8DDC-ACC4422340E8}"
EndProject
Project("{FAE04EC0-301F-11D3-BF4B-00C04F79EFBC}") = "CleanArchitecture.Application", "src\CleanArchitecture.Application\CleanArchitecture.Application.csproj", "{FEEE8408-104D-4211-8E57-9410FE359398}"
EndProject
Project("{2150E333-8FDC-42A3-9474-1A3956D46DE8}") = "Infrastructure", "Infrastructure", "{683AEB52-F854-406C-906F-0A9D735ED24B}"
EndProject
Project("{FAE04EC0-301F-11D3-BF4B-00C04F79EFBC}") = "CleanArchitecture.Infrastructure", "src\CleanArchitecture.Infrastructure\CleanArchitecture.Infrastructure.csproj", "{37BFDF46-5BC1-40D0-B79A-D001D9501FF7}"
EndProject
Project("{2150E333-8FDC-42A3-9474-1A3956D46DE8}") = "Api", "Api", "{2ABF3BB4-909D-417C-B495-F55F50873F97}"
EndProject
Project("{FAE04EC0-301F-11D3-BF4B-00C04F79EFBC}") = "CleanArchitecture.Api", "src\CleanArchitecture.Api\CleanArchitecture.Api.csproj", "{5C36CFC9-5933-4EB4-A956-3078A4EED4CF}"
EndProject
Project("{FAE04EC0-301F-11D3-BF4B-00C04F79EFBC}") = "CleanArchitecture.Persistence", "src\CleanArchitecture.Persistence\CleanArchitecture.Persistence.csproj", "{A6F25513-03E2-4308-A958-7B74DEA4A8CF}"
EndProject
Project("{2150E333-8FDC-42A3-9474-1A3956D46DE8}") = "Shared", "Shared", "{F55F401A-9967-4D99-8543-A0349FC4F79F}"
EndProject
Project("{2150E333-8FDC-42A3-9474-1A3956D46DE8}") = "Core", "Core", "{CE10F0CC-D9B5-413E-94C4-69097E766697}"
EndProject
Project("{FAE04EC0-301F-11D3-BF4B-00C04F79EFBC}") = "Shared.Domain", "Shared\Core\Shared.Domain\Shared.Domain.csproj", "{F14BFC18-F238-4883-90CC-BD10C322060A}"
EndProject
Project("{FAE04EC0-301F-11D3-BF4B-00C04F79EFBC}") = "Shared.Application", "Shared\Shared.Application\Shared.Application.csproj", "{2356A412-29EF-4DE0-BBF8-2E57D68B5A8F}"
EndProject
Project("{2150E333-8FDC-42A3-9474-1A3956D46DE8}") = "Infrastructure", "Infrastructure", "{4B8D20E2-6964-4D8C-A5AC-711588E74090}"
EndProject
Project("{FAE04EC0-301F-11D3-BF4B-00C04F79EFBC}") = "Shared.Infrastructure", "Shared\Shared.Infrastructure\Shared.Infrastructure.csproj", "{EC095099-C326-42B0-8BDE-0C7FE89C3430}"
EndProject
Project("{FAE04EC0-301F-11D3-BF4B-00C04F79EFBC}") = "Shared.Persistence", "Shared\Shared.Persistence\Shared.Persistence.csproj", "{43DFD145-23C7-4EA8-89E2-BFF4C286F556}"
EndProject
Project("{2150E333-8FDC-42A3-9474-1A3956D46DE8}") = "Api", "Api", "{942C3F49-85F2-4101-A40F-B86A6828B410}"
EndProject
Project("{FAE04EC0-301F-11D3-BF4B-00C04F79EFBC}") = "Shared.Api", "Shared\Shared.Api\Shared.Api.csproj", "{755FD093-C04F-4A12-B830-D5196E89B8E9}"
EndProject
Global
	GlobalSection(SolutionConfigurationPlatforms) = preSolution
		Debug|Any CPU = Debug|Any CPU
		Release|Any CPU = Release|Any CPU
	EndGlobalSection
	GlobalSection(NestedProjects) = preSolution
		{60F81810-8044-47C8-BBD6-D5D6FFE97663} = {A90B927F-83AD-49E2-84F4-360EEBB06C59}
		{F0168667-7657-4C54-8DDC-ACC4422340E8} = {60F81810-8044-47C8-BBD6-D5D6FFE97663}
		{FEEE8408-104D-4211-8E57-9410FE359398} = {60F81810-8044-47C8-BBD6-D5D6FFE97663}
		{683AEB52-F854-406C-906F-0A9D735ED24B} = {A90B927F-83AD-49E2-84F4-360EEBB06C59}
		{37BFDF46-5BC1-40D0-B79A-D001D9501FF7} = {683AEB52-F854-406C-906F-0A9D735ED24B}
		{2ABF3BB4-909D-417C-B495-F55F50873F97} = {A90B927F-83AD-49E2-84F4-360EEBB06C59}
		{5C36CFC9-5933-4EB4-A956-3078A4EED4CF} = {2ABF3BB4-909D-417C-B495-F55F50873F97}
		{A6F25513-03E2-4308-A958-7B74DEA4A8CF} = {683AEB52-F854-406C-906F-0A9D735ED24B}
		{CE10F0CC-D9B5-413E-94C4-69097E766697} = {F55F401A-9967-4D99-8543-A0349FC4F79F}
		{F14BFC18-F238-4883-90CC-BD10C322060A} = {CE10F0CC-D9B5-413E-94C4-69097E766697}
		{2356A412-29EF-4DE0-BBF8-2E57D68B5A8F} = {CE10F0CC-D9B5-413E-94C4-69097E766697}
		{4B8D20E2-6964-4D8C-A5AC-711588E74090} = {F55F401A-9967-4D99-8543-A0349FC4F79F}
		{EC095099-C326-42B0-8BDE-0C7FE89C3430} = {4B8D20E2-6964-4D8C-A5AC-711588E74090}
		{43DFD145-23C7-4EA8-89E2-BFF4C286F556} = {4B8D20E2-6964-4D8C-A5AC-711588E74090}
		{942C3F49-85F2-4101-A40F-B86A6828B410} = {F55F401A-9967-4D99-8543-A0349FC4F79F}
		{755FD093-C04F-4A12-B830-D5196E89B8E9} = {942C3F49-85F2-4101-A40F-B86A6828B410}
	EndGlobalSection
	GlobalSection(ProjectConfigurationPlatforms) = postSolution
		{F0168667-7657-4C54-8DDC-ACC4422340E8}.Debug|Any CPU.ActiveCfg = Debug|Any CPU
		{F0168667-7657-4C54-8DDC-ACC4422340E8}.Debug|Any CPU.Build.0 = Debug|Any CPU
		{F0168667-7657-4C54-8DDC-ACC4422340E8}.Release|Any CPU.ActiveCfg = Release|Any CPU
		{F0168667-7657-4C54-8DDC-ACC4422340E8}.Release|Any CPU.Build.0 = Release|Any CPU
		{FEEE8408-104D-4211-8E57-9410FE359398}.Debug|Any CPU.ActiveCfg = Debug|Any CPU
		{FEEE8408-104D-4211-8E57-9410FE359398}.Debug|Any CPU.Build.0 = Debug|Any CPU
		{FEEE8408-104D-4211-8E57-9410FE359398}.Release|Any CPU.ActiveCfg = Release|Any CPU
		{FEEE8408-104D-4211-8E57-9410FE359398}.Release|Any CPU.Build.0 = Release|Any CPU
		{37BFDF46-5BC1-40D0-B79A-D001D9501FF7}.Debug|Any CPU.ActiveCfg = Debug|Any CPU
		{37BFDF46-5BC1-40D0-B79A-D001D9501FF7}.Debug|Any CPU.Build.0 = Debug|Any CPU
		{37BFDF46-5BC1-40D0-B79A-D001D9501FF7}.Release|Any CPU.ActiveCfg = Release|Any CPU
		{37BFDF46-5BC1-40D0-B79A-D001D9501FF7}.Release|Any CPU.Build.0 = Release|Any CPU
		{5C36CFC9-5933-4EB4-A956-3078A4EED4CF}.Debug|Any CPU.ActiveCfg = Debug|Any CPU
		{5C36CFC9-5933-4EB4-A956-3078A4EED4CF}.Debug|Any CPU.Build.0 = Debug|Any CPU
		{5C36CFC9-5933-4EB4-A956-3078A4EED4CF}.Release|Any CPU.ActiveCfg = Release|Any CPU
		{5C36CFC9-5933-4EB4-A956-3078A4EED4CF}.Release|Any CPU.Build.0 = Release|Any CPU
		{A6F25513-03E2-4308-A958-7B74DEA4A8CF}.Debug|Any CPU.ActiveCfg = Debug|Any CPU
		{A6F25513-03E2-4308-A958-7B74DEA4A8CF}.Debug|Any CPU.Build.0 = Debug|Any CPU
		{A6F25513-03E2-4308-A958-7B74DEA4A8CF}.Release|Any CPU.ActiveCfg = Release|Any CPU
		{A6F25513-03E2-4308-A958-7B74DEA4A8CF}.Release|Any CPU.Build.0 = Release|Any CPU
		{F14BFC18-F238-4883-90CC-BD10C322060A}.Debug|Any CPU.ActiveCfg = Debug|Any CPU
		{F14BFC18-F238-4883-90CC-BD10C322060A}.Debug|Any CPU.Build.0 = Debug|Any CPU
		{F14BFC18-F238-4883-90CC-BD10C322060A}.Release|Any CPU.ActiveCfg = Release|Any CPU
		{F14BFC18-F238-4883-90CC-BD10C322060A}.Release|Any CPU.Build.0 = Release|Any CPU
		{2356A412-29EF-4DE0-BBF8-2E57D68B5A8F}.Debug|Any CPU.ActiveCfg = Debug|Any CPU
		{2356A412-29EF-4DE0-BBF8-2E57D68B5A8F}.Debug|Any CPU.Build.0 = Debug|Any CPU
		{2356A412-29EF-4DE0-BBF8-2E57D68B5A8F}.Release|Any CPU.ActiveCfg = Release|Any CPU
		{2356A412-29EF-4DE0-BBF8-2E57D68B5A8F}.Release|Any CPU.Build.0 = Release|Any CPU
		{EC095099-C326-42B0-8BDE-0C7FE89C3430}.Debug|Any CPU.ActiveCfg = Debug|Any CPU
		{EC095099-C326-42B0-8BDE-0C7FE89C3430}.Debug|Any CPU.Build.0 = Debug|Any CPU
		{EC095099-C326-42B0-8BDE-0C7FE89C3430}.Release|Any CPU.ActiveCfg = Release|Any CPU
		{EC095099-C326-42B0-8BDE-0C7FE89C3430}.Release|Any CPU.Build.0 = Release|Any CPU
		{43DFD145-23C7-4EA8-89E2-BFF4C286F556}.Debug|Any CPU.ActiveCfg = Debug|Any CPU
		{43DFD145-23C7-4EA8-89E2-BFF4C286F556}.Debug|Any CPU.Build.0 = Debug|Any CPU
		{43DFD145-23C7-4EA8-89E2-BFF4C286F556}.Release|Any CPU.ActiveCfg = Release|Any CPU
		{43DFD145-23C7-4EA8-89E2-BFF4C286F556}.Release|Any CPU.Build.0 = Release|Any CPU
		{755FD093-C04F-4A12-B830-D5196E89B8E9}.Debug|Any CPU.ActiveCfg = Debug|Any CPU
		{755FD093-C04F-4A12-B830-D5196E89B8E9}.Debug|Any CPU.Build.0 = Debug|Any CPU
		{755FD093-C04F-4A12-B830-D5196E89B8E9}.Release|Any CPU.ActiveCfg = Release|Any CPU
		{755FD093-C04F-4A12-B830-D5196E89B8E9}.Release|Any CPU.Build.0 = Release|Any CPU
	EndGlobalSection
EndGlobal
